{
  "name": "croner",
  "lockfileVersion": 2,
  "requires": true,
  "packages": {
    "": {
      "dependencies": {
        "croner": "^4.2.0"
      }
    },
    "node_modules/croner": {
      "version": "4.2.0",
      "resolved": "https://registry.npmjs.org/croner/-/croner-4.2.0.tgz",
      "integrity": "sha512-1wZgmxS4t1WkUWppjgmKkOhXgRAwklVeDWfdUzi4dHDOZgezpw2XCqQ1XCXyV+sPsgKk2H8RYhxI0ZfBVekWvA=="
    }
  },
  "dependencies": {
    "croner": {
      "version": "4.2.0",
      "resolved": "https://registry.npmjs.org/croner/-/croner-4.2.0.tgz",
      "integrity": "sha512-1wZgmxS4t1WkUWppjgmKkOhXgRAwklVeDWfdUzi4dHDOZgezpw2XCqQ1XCXyV+sPsgKk2H8RYhxI0ZfBVekWvA=="
    }
  }
}
